
Microsoft Visual Studio Solution File, Format Version 12.00
# Visual Studio Version 17
VisualStudioVersion = 17.5.33530.505
MinimumVisualStudioVersion = 10.0.40219.1
Project("{FAE04EC0-301F-11D3-BF4B-00C04F79EFBC}") = "LabApp", "LabApp\LabApp.csproj", "{127E2A55-E217-4E37-8E4C-FAB20B524A56}"
EndProject
Global
	GlobalSection(SolutionConfigurationPlatforms) = preSolution
		Debug|Any CPU = Debug|Any CPU
		Release|Any CPU = Release|Any CPU
	EndGlobalSection
	GlobalSection(ProjectConfigurationPlatforms) = postSolution
		{127E2A55-E217-4E37-8E4C-FAB20B524A56}.Debug|Any CPU.ActiveCfg = Debug|Any CPU
		{127E2A55-E217-4E37-8E4C-FAB20B524A56}.Debug|Any CPU.Build.0 = Debug|Any CPU
		{127E2A55-E217-4E37-8E4C-FAB20B524A56}.Release|Any CPU.ActiveCfg = Release|Any CPU
		{127E2A55-E217-4E37-8E4C-FAB20B524A56}.Release|Any CPU.Build.0 = Release|Any CPU
	EndGlobalSection
	GlobalSection(SolutionProperties) = preSolution
		HideSolutionNode = FALSE
	EndGlobalSection
	GlobalSection(ExtensibilityGlobals) = postSolution
		SolutionGuid = {5E247BC0-1F43-4EA0-90B1-011380BF6674}
	EndGlobalSection
EndGlobal
